
Microsoft Visual Studio Solution File, Format Version 12.00
# Visual Studio Version 17
VisualStudioVersion = 17.6.33801.468
MinimumVisualStudioVersion = 10.0.40219.1
Project("{FAE04EC0-301F-11D3-BF4B-00C04F79EFBC}") = "skills-recommender-api", "skills-recommender-api\skills-recommender-api.csproj", "{2C67019A-D425-471C-8CA1-DA7F994E6FD2}"
EndProject
Project("{FAE04EC0-301F-11D3-BF4B-00C04F79EFBC}") = "skills-recommender-api-tests", "skills-recommender-api-tests\skills-recommender-api-tests.csproj", "{4238A432-F4BE-4B27-8690-06BB65A3FAAA}"
EndProject
Global
	GlobalSection(SolutionConfigurationPlatforms) = preSolution
		Debug|Any CPU = Debug|Any CPU
		Release|Any CPU = Release|Any CPU
	EndGlobalSection
	GlobalSection(ProjectConfigurationPlatforms) = postSolution
		{2C67019A-D425-471C-8CA1-DA7F994E6FD2}.Debug|Any CPU.ActiveCfg = Debug|Any CPU
		{2C67019A-D425-471C-8CA1-DA7F994E6FD2}.Debug|Any CPU.Build.0 = Debug|Any CPU
		{2C67019A-D425-471C-8CA1-DA7F994E6FD2}.Release|Any CPU.ActiveCfg = Release|Any CPU
		{2C67019A-D425-471C-8CA1-DA7F994E6FD2}.Release|Any CPU.Build.0 = Release|Any CPU
		{4238A432-F4BE-4B27-8690-06BB65A3FAAA}.Debug|Any CPU.ActiveCfg = Debug|Any CPU
		{4238A432-F4BE-4B27-8690-06BB65A3FAAA}.Debug|Any CPU.Build.0 = Debug|Any CPU
		{4238A432-F4BE-4B27-8690-06BB65A3FAAA}.Release|Any CPU.ActiveCfg = Release|Any CPU
		{4238A432-F4BE-4B27-8690-06BB65A3FAAA}.Release|Any CPU.Build.0 = Release|Any CPU
	EndGlobalSection
	GlobalSection(SolutionProperties) = preSolution
		HideSolutionNode = FALSE
	EndGlobalSection
	GlobalSection(ExtensibilityGlobals) = postSolution
		SolutionGuid = {E492BB88-67AE-4004-8BCE-97B0903D19A7}
	EndGlobalSection
EndGlobal
